
Microsoft Visual Studio Solution File, Format Version 12.00
# Visual Studio Version 17
VisualStudioVersion = 17.8.34330.188
MinimumVisualStudioVersion = 10.0.40219.1
Project("{FAE04EC0-301F-11D3-BF4B-00C04F79EFBC}") = "SchoolHRAdministration", "SchoolHRAdministration\SchoolHRAdministration.csproj", "{D0D186E4-503F-4DB1-A51C-A979D89BC595}"
EndProject
Project("{FAE04EC0-301F-11D3-BF4B-00C04F79EFBC}") = "HRAdministrationAPI", "HRAdministrationAPI\HRAdministrationAPI.csproj", "{21091591-E11F-4439-ACC7-123D9250BE38}"
EndProject
Global
	GlobalSection(SolutionConfigurationPlatforms) = preSolution
		Debug|Any CPU = Debug|Any CPU
		Release|Any CPU = Release|Any CPU
	EndGlobalSection
	GlobalSection(ProjectConfigurationPlatforms) = postSolution
		{D0D186E4-503F-4DB1-A51C-A979D89BC595}.Debug|Any CPU.ActiveCfg = Debug|Any CPU
		{D0D186E4-503F-4DB1-A51C-A979D89BC595}.Debug|Any CPU.Build.0 = Debug|Any CPU
		{D0D186E4-503F-4DB1-A51C-A979D89BC595}.Release|Any CPU.ActiveCfg = Release|Any CPU
		{D0D186E4-503F-4DB1-A51C-A979D89BC595}.Release|Any CPU.Build.0 = Release|Any CPU
		{21091591-E11F-4439-ACC7-123D9250BE38}.Debug|Any CPU.ActiveCfg = Debug|Any CPU
		{21091591-E11F-4439-ACC7-123D9250BE38}.Debug|Any CPU.Build.0 = Debug|Any CPU
		{21091591-E11F-4439-ACC7-123D9250BE38}.Release|Any CPU.ActiveCfg = Release|Any CPU
		{21091591-E11F-4439-ACC7-123D9250BE38}.Release|Any CPU.Build.0 = Release|Any CPU
	EndGlobalSection
	GlobalSection(SolutionProperties) = preSolution
		HideSolutionNode = FALSE
	EndGlobalSection
	GlobalSection(ExtensibilityGlobals) = postSolution
		SolutionGuid = {D55C7455-852B-4DD4-BB78-36BE55AB2313}
	EndGlobalSection
EndGlobal
